
Microsoft Visual Studio Solution File, Format Version 12.00
# Visual Studio 2015
Project("{FAE04EC0-301F-11D3-BF4B-00C04F79EFBC}") = "ELS.CSharp", "ELS.CSharp.csproj", "{B15BAE2E-F071-62F7-F918-92C8012323F8}"
EndProject
Global
	GlobalSection(SolutionConfigurationPlatforms) = preSolution
		Debug|Any CPU = Debug|Any CPU
		Release|Any CPU = Release|Any CPU
	EndGlobalSection
	GlobalSection(ProjectConfigurationPlatforms) = postSolution
		{B15BAE2E-F071-62F7-F918-92C8012323F8}.Debug|Any CPU.ActiveCfg = Debug|Any CPU
		{B15BAE2E-F071-62F7-F918-92C8012323F8}.Debug|Any CPU.Build.0 = Debug|Any CPU
		{B15BAE2E-F071-62F7-F918-92C8012323F8}.Release|Any CPU.ActiveCfg = Release|Any CPU
		{B15BAE2E-F071-62F7-F918-92C8012323F8}.Release|Any CPU.Build.0 = Release|Any CPU
	EndGlobalSection
	GlobalSection(SolutionProperties) = preSolution
		HideSolutionNode = FALSE
	EndGlobalSection
EndGlobal
